
Microsoft Visual Studio Solution File, Format Version 12.00
# Visual Studio Version 17
VisualStudioVersion = 17.8.34330.188
MinimumVisualStudioVersion = 10.0.40219.1
Project("{9A19103F-16F7-4668-BE54-9A1E7A4F7556}") = "CarRental", "CarRental\CarRental.csproj", "{A0B19B0D-E323-487D-AAAD-FAB0241BF8D7}"
EndProject
Project("{9A19103F-16F7-4668-BE54-9A1E7A4F7556}") = "Domain", "Domain\Domain.csproj", "{A57EBD9E-B2EE-4AF1-9F71-AA19069547E0}"
EndProject
Project("{9A19103F-16F7-4668-BE54-9A1E7A4F7556}") = "Data", "Data\Data.csproj", "{A42D7A69-EB17-4252-9511-3EDC6FFB0B39}"
EndProject
Project("{9A19103F-16F7-4668-BE54-9A1E7A4F7556}") = "Services", "Services\Services.csproj", "{0B4991FF-AEB9-4C8F-85F8-F46DD2236C7F}"
EndProject
Project("{FAE04EC0-301F-11D3-BF4B-00C04F79EFBC}") = "Data.Test", "Data.Test\Data.Test.csproj", "{0A8C095A-16E6-4410-B70C-C226DF76BD20}"
EndProject
Project("{2150E333-8FDC-42A3-9474-1A3956D46DE8}") = "TEsts", "TEsts", "{78B8846A-32A2-4688-B22B-C2295F732BFE}"
EndProject
Project("{FAE04EC0-301F-11D3-BF4B-00C04F79EFBC}") = "IntegrationTests", "IntegrationTests\IntegrationTests.csproj", "{305EA771-19A6-420D-96E4-366BF26767E6}"
EndProject
Global
	GlobalSection(SolutionConfigurationPlatforms) = preSolution
		Debug|Any CPU = Debug|Any CPU
		Release|Any CPU = Release|Any CPU
	EndGlobalSection
	GlobalSection(ProjectConfigurationPlatforms) = postSolution
		{A0B19B0D-E323-487D-AAAD-FAB0241BF8D7}.Debug|Any CPU.ActiveCfg = Debug|Any CPU
		{A0B19B0D-E323-487D-AAAD-FAB0241BF8D7}.Debug|Any CPU.Build.0 = Debug|Any CPU
		{A0B19B0D-E323-487D-AAAD-FAB0241BF8D7}.Release|Any CPU.ActiveCfg = Release|Any CPU
		{A0B19B0D-E323-487D-AAAD-FAB0241BF8D7}.Release|Any CPU.Build.0 = Release|Any CPU
		{A57EBD9E-B2EE-4AF1-9F71-AA19069547E0}.Debug|Any CPU.ActiveCfg = Debug|Any CPU
		{A57EBD9E-B2EE-4AF1-9F71-AA19069547E0}.Debug|Any CPU.Build.0 = Debug|Any CPU
		{A57EBD9E-B2EE-4AF1-9F71-AA19069547E0}.Release|Any CPU.ActiveCfg = Release|Any CPU
		{A57EBD9E-B2EE-4AF1-9F71-AA19069547E0}.Release|Any CPU.Build.0 = Release|Any CPU
		{A42D7A69-EB17-4252-9511-3EDC6FFB0B39}.Debug|Any CPU.ActiveCfg = Debug|Any CPU
		{A42D7A69-EB17-4252-9511-3EDC6FFB0B39}.Debug|Any CPU.Build.0 = Debug|Any CPU
		{A42D7A69-EB17-4252-9511-3EDC6FFB0B39}.Release|Any CPU.ActiveCfg = Release|Any CPU
		{A42D7A69-EB17-4252-9511-3EDC6FFB0B39}.Release|Any CPU.Build.0 = Release|Any CPU
		{0B4991FF-AEB9-4C8F-85F8-F46DD2236C7F}.Debug|Any CPU.ActiveCfg = Debug|Any CPU
		{0B4991FF-AEB9-4C8F-85F8-F46DD2236C7F}.Debug|Any CPU.Build.0 = Debug|Any CPU
		{0B4991FF-AEB9-4C8F-85F8-F46DD2236C7F}.Release|Any CPU.ActiveCfg = Release|Any CPU
		{0B4991FF-AEB9-4C8F-85F8-F46DD2236C7F}.Release|Any CPU.Build.0 = Release|Any CPU
		{0A8C095A-16E6-4410-B70C-C226DF76BD20}.Debug|Any CPU.ActiveCfg = Debug|Any CPU
		{0A8C095A-16E6-4410-B70C-C226DF76BD20}.Debug|Any CPU.Build.0 = Debug|Any CPU
		{0A8C095A-16E6-4410-B70C-C226DF76BD20}.Release|Any CPU.ActiveCfg = Release|Any CPU
		{0A8C095A-16E6-4410-B70C-C226DF76BD20}.Release|Any CPU.Build.0 = Release|Any CPU
		{305EA771-19A6-420D-96E4-366BF26767E6}.Debug|Any CPU.ActiveCfg = Debug|Any CPU
		{305EA771-19A6-420D-96E4-366BF26767E6}.Debug|Any CPU.Build.0 = Debug|Any CPU
		{305EA771-19A6-420D-96E4-366BF26767E6}.Release|Any CPU.ActiveCfg = Release|Any CPU
		{305EA771-19A6-420D-96E4-366BF26767E6}.Release|Any CPU.Build.0 = Release|Any CPU
	EndGlobalSection
	GlobalSection(SolutionProperties) = preSolution
		HideSolutionNode = FALSE
	EndGlobalSection
	GlobalSection(NestedProjects) = preSolution
		{0A8C095A-16E6-4410-B70C-C226DF76BD20} = {78B8846A-32A2-4688-B22B-C2295F732BFE}
		{305EA771-19A6-420D-96E4-366BF26767E6} = {78B8846A-32A2-4688-B22B-C2295F732BFE}
	EndGlobalSection
	GlobalSection(ExtensibilityGlobals) = postSolution
		SolutionGuid = {C34AD91C-3F76-40FD-88C4-17EA99F059F1}
	EndGlobalSection
EndGlobal
